PODS:
  - Pecan (0.1.0)
  - TestModule (0.1.0)

DEPENDENCIES:
  - Pecan (from `../Pecan.podspec`)
  - TestModule (from `../TestModule.podspec`)

EXTERNAL SOURCES:
  Pecan:
    :path: "../Pecan.podspec"
  TestModule:
    :path: "../TestModule.podspec"

SPEC CHECKSUMS:
  Pecan: 2519cae646afe68e4d79b3a40b0b1abd667c6acf
  TestModule: 9c0f6e3d5d6f2ec83df9a9a3fe36275b9aa0c6f6

PODFILE CHECKSUM: 2e196864843b357745bdf3865fe3b8c4ee9d1441

COCOAPODS: 1.6.1
